// !$*UTF8*$!
{
	archiveVersion = 1;
	classes = {
	};
	objectVersion = 46;
	objects = {

/* Begin PBXBuildFile section */
		B517B30D18E6B4E1007AEEA7 /* Foundation.framework in Frameworks */ = {isa = PBXBuildFile; fileRef = B5F0062A18E57EFF00A05D10 /* Foundation.framework */; };
		B517B31018E6B4E1007AEEA7 /* main.m in Sources */ = {isa = PBXBuildFile; fileRef = B517B30F18E6B4E1007AEEA7 /* main.m */; };
		B517B31418E6B4E1007AEEA7 /* Problem8.1 in CopyFiles */ = {isa = PBXBuildFile; fileRef = B517B31318E6B4E1007AEEA7 /* Problem8.1 */; };
		B517B31D18E6D61D007AEEA7 /* Foundation.framework in Frameworks */ = {isa = PBXBuildFile; fileRef = B5F0062A18E57EFF00A05D10 /* Foundation.framework */; };
		B517B32018E6D61D007AEEA7 /* main.m in Sources */ = {isa = PBXBuildFile; fileRef = B517B31F18E6D61D007AEEA7 /* main.m */; };
		B517B32418E6D61D007AEEA7 /* Problem9.1 in CopyFiles */ = {isa = PBXBuildFile; fileRef = B517B32318E6D61D007AEEA7 /* Problem9.1 */; };
		B517B32D18E6DE41007AEEA7 /* Foundation.framework in Frameworks */ = {isa = PBXBuildFile; fileRef = B5F0062A18E57EFF00A05D10 /* Foundation.framework */; };
		B517B33018E6DE41007AEEA7 /* main.m in Sources */ = {isa = PBXBuildFile; fileRef = B517B32F18E6DE41007AEEA7 /* main.m */; };
		B517B33418E6DE41007AEEA7 /* Problem10.1 in CopyFiles */ = {isa = PBXBuildFile; fileRef = B517B33318E6DE41007AEEA7 /* Problem10.1 */; };
		B517B33D18E6E028007AEEA7 /* Foundation.framework in Frameworks */ = {isa = PBXBuildFile; fileRef = B5F0062A18E57EFF00A05D10 /* Foundation.framework */; };
		B517B34018E6E028007AEEA7 /* main.m in Sources */ = {isa = PBXBuildFile; fileRef = B517B33F18E6E028007AEEA7 /* main.m */; };
		B517B34418E6E028007AEEA7 /* Problem11.1 in CopyFiles */ = {isa = PBXBuildFile; fileRef = B517B34318E6E028007AEEA7 /* Problem11.1 */; };
		B517B34D18E6E1D3007AEEA7 /* Foundation.framework in Frameworks */ = {isa = PBXBuildFile; fileRef = B5F0062A18E57EFF00A05D10 /* Foundation.framework */; };
		B517B35018E6E1D3007AEEA7 /* main.m in Sources */ = {isa = PBXBuildFile; fileRef = B517B34F18E6E1D3007AEEA7 /* main.m */; };
		B517B35418E6E1D3007AEEA7 /* Problem12.1 in CopyFiles */ = {isa = PBXBuildFile; fileRef = B517B35318E6E1D3007AEEA7 /* Problem12.1 */; };
		B517B35D18E6EC6D007AEEA7 /* Foundation.framework in Frameworks */ = {isa = PBXBuildFile; fileRef = B5F0062A18E57EFF00A05D10 /* Foundation.framework */; };
		B517B36018E6EC6D007AEEA7 /* main.m in Sources */ = {isa = PBXBuildFile; fileRef = B517B35F18E6EC6D007AEEA7 /* main.m */; };
		B517B36418E6EC6E007AEEA7 /* Problem13.1 in CopyFiles */ = {isa = PBXBuildFile; fileRef = B517B36318E6EC6E007AEEA7 /* Problem13.1 */; };
		B545248918E5BD5F00967F9D /* Foundation.framework in Frameworks */ = {isa = PBXBuildFile; fileRef = B5F0062A18E57EFF00A05D10 /* Foundation.framework */; };
		B545248C18E5BD5F00967F9D /* main.m in Sources */ = {isa = PBXBuildFile; fileRef = B545248B18E5BD5F00967F9D /* main.m */; };
		B545249018E5BD5F00967F9D /* Problem4.1 in CopyFiles */ = {isa = PBXBuildFile; fileRef = B545248F18E5BD5F00967F9D /* Problem4.1 */; };
		B545249A18E664E300967F9D /* Foundation.framework in Frameworks */ = {isa = PBXBuildFile; fileRef = B5F0062A18E57EFF00A05D10 /* Foundation.framework */; };
		B545249D18E664E300967F9D /* main.m in Sources */ = {isa = PBXBuildFile; fileRef = B545249C18E664E300967F9D /* main.m */; };
		B54524A118E664E300967F9D /* Problem5.1 in CopyFiles */ = {isa = PBXBuildFile; fileRef = B54524A018E664E300967F9D /* Problem5.1 */; };
		B54524AA18E669A800967F9D /* Foundation.framework in Frameworks */ = {isa = PBXBuildFile; fileRef = B5F0062A18E57EFF00A05D10 /* Foundation.framework */; };
		B54524AD18E669A800967F9D /* main.m in Sources */ = {isa = PBXBuildFile; fileRef = B54524AC18E669A800967F9D /* main.m */; };
		B54524B118E669A800967F9D /* Problem6.1 in CopyFiles */ = {isa = PBXBuildFile; fileRef = B54524B018E669A800967F9D /* Problem6.1 */; };
		B54524BA18E66B4A00967F9D /* Foundation.framework in Frameworks */ = {isa = PBXBuildFile; fileRef = B5F0062A18E57EFF00A05D10 /* Foundation.framework */; };
		B54524BD18E66B4A00967F9D /* main.m in Sources */ = {isa = PBXBuildFile; fileRef = B54524BC18E66B4A00967F9D /* main.m */; };
		B54524C118E66B4A00967F9D /* Problem7.1 in CopyFiles */ = {isa = PBXBuildFile; fileRef = B54524C018E66B4A00967F9D /* Problem7.1 */; };
		B5F0062B18E57EFF00A05D10 /* Foundation.framework in Frameworks */ = {isa = PBXBuildFile; fileRef = B5F0062A18E57EFF00A05D10 /* Foundation.framework */; };
		B5F0062E18E57EFF00A05D10 /* main.m in Sources */ = {isa = PBXBuildFile; fileRef = B5F0062D18E57EFF00A05D10 /* main.m */; };
		B5F0063218E57EFF00A05D10 /* EulerObjC.1 in CopyFiles */ = {isa = PBXBuildFile; fileRef = B5F0063118E57EFF00A05D10 /* EulerObjC.1 */; };
		B5F0064018E5837C00A05D10 /* Foundation.framework in Frameworks */ = {isa = PBXBuildFile; fileRef = B5F0062A18E57EFF00A05D10 /* Foundation.framework */; };
		B5F0064318E5837C00A05D10 /* main.m in Sources */ = {isa = PBXBuildFile; fileRef = B5F0064218E5837C00A05D10 /* main.m */; };
		B5F0064718E5837C00A05D10 /* Problem1.1 in CopyFiles */ = {isa = PBXBuildFile; fileRef = B5F0064618E5837C00A05D10 /* Problem1.1 */; };
		B5F0065018E586DF00A05D10 /* Foundation.framework in Frameworks */ = {isa = PBXBuildFile; fileRef = B5F0062A18E57EFF00A05D10 /* Foundation.framework */; };
		B5F0065318E586DF00A05D10 /* main.m in Sources */ = {isa = PBXBuildFile; fileRef = B5F0065218E586DF00A05D10 /* main.m */; };
		B5F0065718E586DF00A05D10 /* Problem2.1 in CopyFiles */ = {isa = PBXBuildFile; fileRef = B5F0065618E586DF00A05D10 /* Problem2.1 */; };
		B5F0066018E587AB00A05D10 /* Foundation.framework in Frameworks */ = {isa = PBXBuildFile; fileRef = B5F0062A18E57EFF00A05D10 /* Foundation.framework */; };
		B5F0066318E587AB00A05D10 /* main.m in Sources */ = {isa = PBXBuildFile; fileRef = B5F0066218E587AB00A05D10 /* main.m */; };
		B5F0066718E587AB00A05D10 /* Problem3.1 in CopyFiles */ = {isa = PBXBuildFile; fileRef = B5F0066618E587AB00A05D10 /* Problem3.1 */; };
/* End PBXBuildFile section */

/* Begin PBXCopyFilesBuildPhase section */
		B517B30A18E6B4E1007AEEA7 /* CopyFiles */ = {
			isa = PBXCopyFilesBuildPhase;
			buildActionMask = 2147483647;
			dstPath = /usr/share/man/man1/;
			dstSubfolderSpec = 0;
			files = (
				B517B31418E6B4E1007AEEA7 /* Problem8.1 in CopyFiles */,
			);
			runOnlyForDeploymentPostprocessing = 1;
		};
		B517B31A18E6D61D007AEEA7 /* CopyFiles */ = {
			isa = PBXCopyFilesBuildPhase;
			buildActionMask = 2147483647;
			dstPath = /usr/share/man/man1/;
			dstSubfolderSpec = 0;
			files = (
				B517B32418E6D61D007AEEA7 /* Problem9.1 in CopyFiles */,
			);
			runOnlyForDeploymentPostprocessing = 1;
		};
		B517B32A18E6DE41007AEEA7 /* CopyFiles */ = {
			isa = PBXCopyFilesBuildPhase;
			buildActionMask = 2147483647;
			dstPath = /usr/share/man/man1/;
			dstSubfolderSpec = 0;
			files = (
				B517B33418E6DE41007AEEA7 /* Problem10.1 in CopyFiles */,
			);
			runOnlyForDeploymentPostprocessing = 1;
		};
		B517B33A18E6E028007AEEA7 /* CopyFiles */ = {
			isa = PBXCopyFilesBuildPhase;
			buildActionMask = 2147483647;
			dstPath = /usr/share/man/man1/;
			dstSubfolderSpec = 0;
			files = (
				B517B34418E6E028007AEEA7 /* Problem11.1 in CopyFiles */,
			);
			runOnlyForDeploymentPostprocessing = 1;
		};
		B517B34A18E6E1D3007AEEA7 /* CopyFiles */ = {
			isa = PBXCopyFilesBuildPhase;
			buildActionMask = 2147483647;
			dstPath = /usr/share/man/man1/;
			dstSubfolderSpec = 0;
			files = (
				B517B35418E6E1D3007AEEA7 /* Problem12.1 in CopyFiles */,
			);
			runOnlyForDeploymentPostprocessing = 1;
		};
		B517B35A18E6EC6D007AEEA7 /* CopyFiles */ = {
			isa = PBXCopyFilesBuildPhase;
			buildActionMask = 2147483647;
			dstPath = /usr/share/man/man1/;
			dstSubfolderSpec = 0;
			files = (
				B517B36418E6EC6E007AEEA7 /* Problem13.1 in CopyFiles */,
			);
			runOnlyForDeploymentPostprocessing = 1;
		};
		B545248618E5BD5E00967F9D /* CopyFiles */ = {
			isa = PBXCopyFilesBuildPhase;
			buildActionMask = 2147483647;
			dstPath = /usr/share/man/man1/;
			dstSubfolderSpec = 0;
			files = (
				B545249018E5BD5F00967F9D /* Problem4.1 in CopyFiles */,
			);
			runOnlyForDeploymentPostprocessing = 1;
		};
		B545249718E664E300967F9D /* CopyFiles */ = {
			isa = PBXCopyFilesBuildPhase;
			buildActionMask = 2147483647;
			dstPath = /usr/share/man/man1/;
			dstSubfolderSpec = 0;
			files = (
				B54524A118E664E300967F9D /* Problem5.1 in CopyFiles */,
			);
			runOnlyForDeploymentPostprocessing = 1;
		};
		B54524A718E669A800967F9D /* CopyFiles */ = {
			isa = PBXCopyFilesBuildPhase;
			buildActionMask = 2147483647;
			dstPath = /usr/share/man/man1/;
			dstSubfolderSpec = 0;
			files = (
				B54524B118E669A800967F9D /* Problem6.1 in CopyFiles */,
			);
			runOnlyForDeploymentPostprocessing = 1;
		};
		B54524B718E66B4A00967F9D /* CopyFiles */ = {
			isa = PBXCopyFilesBuildPhase;
			buildActionMask = 2147483647;
			dstPath = /usr/share/man/man1/;
			dstSubfolderSpec = 0;
			files = (
				B54524C118E66B4A00967F9D /* Problem7.1 in CopyFiles */,
			);
			runOnlyForDeploymentPostprocessing = 1;
		};
		B5F0062518E57EFF00A05D10 /* CopyFiles */ = {
			isa = PBXCopyFilesBuildPhase;
			buildActionMask = 2147483647;
			dstPath = /usr/share/man/man1/;
			dstSubfolderSpec = 0;
			files = (
				B5F0063218E57EFF00A05D10 /* EulerObjC.1 in CopyFiles */,
			);
			runOnlyForDeploymentPostprocessing = 1;
		};
		B5F0063D18E5837C00A05D10 /* CopyFiles */ = {
			isa = PBXCopyFilesBuildPhase;
			buildActionMask = 2147483647;
			dstPath = /usr/share/man/man1/;
			dstSubfolderSpec = 0;
			files = (
				B5F0064718E5837C00A05D10 /* Problem1.1 in CopyFiles */,
			);
			runOnlyForDeploymentPostprocessing = 1;
		};
		B5F0064D18E586DF00A05D10 /* CopyFiles */ = {
			isa = PBXCopyFilesBuildPhase;
			buildActionMask = 2147483647;
			dstPath = /usr/share/man/man1/;
			dstSubfolderSpec = 0;
			files = (
				B5F0065718E586DF00A05D10 /* Problem2.1 in CopyFiles */,
			);
			runOnlyForDeploymentPostprocessing = 1;
		};
		B5F0065D18E587AB00A05D10 /* CopyFiles */ = {
			isa = PBXCopyFilesBuildPhase;
			buildActionMask = 2147483647;
			dstPath = /usr/share/man/man1/;
			dstSubfolderSpec = 0;
			files = (
				B5F0066718E587AB00A05D10 /* Problem3.1 in CopyFiles */,
			);
			runOnlyForDeploymentPostprocessing = 1;
		};
/* End PBXCopyFilesBuildPhase section */

/* Begin PBXFileReference section */
		B517B30C18E6B4E1007AEEA7 /* Problem8 */ = {isa = PBXFileReference; explicitFileType = "compiled.mach-o.executable"; includeInIndex = 0; path = Problem8; sourceTree = BUILT_PRODUCTS_DIR; };
		B517B30F18E6B4E1007AEEA7 /* main.m */ = {isa = PBXFileReference; lastKnownFileType = sourcecode.c.objc; path = main.m; sourceTree = "<group>"; };
		B517B31218E6B4E1007AEEA7 /* Problem8-Prefix.pch */ = {isa = PBXFileReference; lastKnownFileType = sourcecode.c.h; path = "Problem8-Prefix.pch"; sourceTree = "<group>"; };
		B517B31318E6B4E1007AEEA7 /* Problem8.1 */ = {isa = PBXFileReference; lastKnownFileType = text.man; path = Problem8.1; sourceTree = "<group>"; };
		B517B31C18E6D61D007AEEA7 /* Problem9 */ = {isa = PBXFileReference; explicitFileType = "compiled.mach-o.executable"; includeInIndex = 0; path = Problem9; sourceTree = BUILT_PRODUCTS_DIR; };
		B517B31F18E6D61D007AEEA7 /* main.m */ = {isa = PBXFileReference; lastKnownFileType = sourcecode.c.objc; path = main.m; sourceTree = "<group>"; };
		B517B32218E6D61D007AEEA7 /* Problem9-Prefix.pch */ = {isa = PBXFileReference; lastKnownFileType = sourcecode.c.h; path = "Problem9-Prefix.pch"; sourceTree = "<group>"; };
		B517B32318E6D61D007AEEA7 /* Problem9.1 */ = {isa = PBXFileReference; lastKnownFileType = text.man; path = Problem9.1; sourceTree = "<group>"; };
		B517B32C18E6DE41007AEEA7 /* Problem10 */ = {isa = PBXFileReference; explicitFileType = "compiled.mach-o.executable"; includeInIndex = 0; path = Problem10; sourceTree = BUILT_PRODUCTS_DIR; };
		B517B32F18E6DE41007AEEA7 /* main.m */ = {isa = PBXFileReference; lastKnownFileType = sourcecode.c.objc; path = main.m; sourceTree = "<group>"; };
		B517B33218E6DE41007AEEA7 /* Problem10-Prefix.pch */ = {isa = PBXFileReference; lastKnownFileType = sourcecode.c.h; path = "Problem10-Prefix.pch"; sourceTree = "<group>"; };
		B517B33318E6DE41007AEEA7 /* Problem10.1 */ = {isa = PBXFileReference; lastKnownFileType = text.man; path = Problem10.1; sourceTree = "<group>"; };
		B517B33C18E6E028007AEEA7 /* Problem11 */ = {isa = PBXFileReference; explicitFileType = "compiled.mach-o.executable"; includeInIndex = 0; path = Problem11; sourceTree = BUILT_PRODUCTS_DIR; };
		B517B33F18E6E028007AEEA7 /* main.m */ = {isa = PBXFileReference; lastKnownFileType = sourcecode.c.objc; path = main.m; sourceTree = "<group>"; };
		B517B34218E6E028007AEEA7 /* Problem11-Prefix.pch */ = {isa = PBXFileReference; lastKnownFileType = sourcecode.c.h; path = "Problem11-Prefix.pch"; sourceTree = "<group>"; };
		B517B34318E6E028007AEEA7 /* Problem11.1 */ = {isa = PBXFileReference; lastKnownFileType = text.man; path = Problem11.1; sourceTree = "<group>"; };
		B517B34C18E6E1D3007AEEA7 /* Problem12 */ = {isa = PBXFileReference; explicitFileType = "compiled.mach-o.executable"; includeInIndex = 0; path = Problem12; sourceTree = BUILT_PRODUCTS_DIR; };
		B517B34F18E6E1D3007AEEA7 /* main.m */ = {isa = PBXFileReference; lastKnownFileType = sourcecode.c.objc; path = main.m; sourceTree = "<group>"; };
		B517B35218E6E1D3007AEEA7 /* Problem12-Prefix.pch */ = {isa = PBXFileReference; lastKnownFileType = sourcecode.c.h; path = "Problem12-Prefix.pch"; sourceTree = "<group>"; };
		B517B35318E6E1D3007AEEA7 /* Problem12.1 */ = {isa = PBXFileReference; lastKnownFileType = text.man; path = Problem12.1; sourceTree = "<group>"; };
		B517B35C18E6EC6D007AEEA7 /* Problem13 */ = {isa = PBXFileReference; explicitFileType = "compiled.mach-o.executable"; includeInIndex = 0; path = Problem13; sourceTree = BUILT_PRODUCTS_DIR; };
		B517B35F18E6EC6D007AEEA7 /* main.m */ = {isa = PBXFileReference; lastKnownFileType = sourcecode.c.objc; path = main.m; sourceTree = "<group>"; };
		B517B36218E6EC6E007AEEA7 /* Problem13-Prefix.pch */ = {isa = PBXFileReference; lastKnownFileType = sourcecode.c.h; path = "Problem13-Prefix.pch"; sourceTree = "<group>"; };
		B517B36318E6EC6E007AEEA7 /* Problem13.1 */ = {isa = PBXFileReference; lastKnownFileType = text.man; path = Problem13.1; sourceTree = "<group>"; };
		B545248818E5BD5E00967F9D /* Problem4 */ = {isa = PBXFileReference; explicitFileType = "compiled.mach-o.executable"; includeInIndex = 0; path = Problem4; sourceTree = BUILT_PRODUCTS_DIR; };
		B545248B18E5BD5F00967F9D /* main.m */ = {isa = PBXFileReference; lastKnownFileType = sourcecode.c.objc; path = main.m; sourceTree = "<group>"; };
		B545248E18E5BD5F00967F9D /* Problem4-Prefix.pch */ = {isa = PBXFileReference; lastKnownFileType = sourcecode.c.h; path = "Problem4-Prefix.pch"; sourceTree = "<group>"; };
		B545248F18E5BD5F00967F9D /* Problem4.1 */ = {isa = PBXFileReference; lastKnownFileType = text.man; path = Problem4.1; sourceTree = "<group>"; };
		B545249418E65D1400967F9D /* eulertools.h */ = {isa = PBXFileReference; fileEncoding = 4; lastKnownFileType = sourcecode.c.h; path = eulertools.h; sourceTree = "<group>"; };
		B545249918E664E300967F9D /* Problem5 */ = {isa = PBXFileReference; explicitFileType = "compiled.mach-o.executable"; includeInIndex = 0; path = Problem5; sourceTree = BUILT_PRODUCTS_DIR; };
		B545249C18E664E300967F9D /* main.m */ = {isa = PBXFileReference; lastKnownFileType = sourcecode.c.objc; path = main.m; sourceTree = "<group>"; };
		B545249F18E664E300967F9D /* Problem5-Prefix.pch */ = {isa = PBXFileReference; lastKnownFileType = sourcecode.c.h; path = "Problem5-Prefix.pch"; sourceTree = "<group>"; };
		B54524A018E664E300967F9D /* Problem5.1 */ = {isa = PBXFileReference; lastKnownFileType = text.man; path = Problem5.1; sourceTree = "<group>"; };
		B54524A918E669A800967F9D /* Problem6 */ = {isa = PBXFileReference; explicitFileType = "compiled.mach-o.executable"; includeInIndex = 0; path = Problem6; sourceTree = BUILT_PRODUCTS_DIR; };
		B54524AC18E669A800967F9D /* main.m */ = {isa = PBXFileReference; lastKnownFileType = sourcecode.c.objc; path = main.m; sourceTree = "<group>"; };
		B54524AF18E669A800967F9D /* Problem6-Prefix.pch */ = {isa = PBXFileReference; lastKnownFileType = sourcecode.c.h; path = "Problem6-Prefix.pch"; sourceTree = "<group>"; };
		B54524B018E669A800967F9D /* Problem6.1 */ = {isa = PBXFileReference; lastKnownFileType = text.man; path = Problem6.1; sourceTree = "<group>"; };
		B54524B918E66B4A00967F9D /* Problem7 */ = {isa = PBXFileReference; explicitFileType = "compiled.mach-o.executable"; includeInIndex = 0; path = Problem7; sourceTree = BUILT_PRODUCTS_DIR; };
		B54524BC18E66B4A00967F9D /* main.m */ = {isa = PBXFileReference; lastKnownFileType = sourcecode.c.objc; path = main.m; sourceTree = "<group>"; };
		B54524BF18E66B4A00967F9D /* Problem7-Prefix.pch */ = {isa = PBXFileReference; lastKnownFileType = sourcecode.c.h; path = "Problem7-Prefix.pch"; sourceTree = "<group>"; };
		B54524C018E66B4A00967F9D /* Problem7.1 */ = {isa = PBXFileReference; lastKnownFileType = text.man; path = Problem7.1; sourceTree = "<group>"; };
		B5F0062718E57EFF00A05D10 /* EulerObjC */ = {isa = PBXFileReference; explicitFileType = "compiled.mach-o.executable"; includeInIndex = 0; path = EulerObjC; sourceTree = BUILT_PRODUCTS_DIR; };
		B5F0062A18E57EFF00A05D10 /* Foundation.framework */ = {isa = PBXFileReference; lastKnownFileType = wrapper.framework; name = Foundation.framework; path = System/Library/Frameworks/Foundation.framework; sourceTree = SDKROOT; };
		B5F0062D18E57EFF00A05D10 /* main.m */ = {isa = PBXFileReference; lastKnownFileType = sourcecode.c.objc; path = main.m; sourceTree = "<group>"; };
		B5F0063018E57EFF00A05D10 /* EulerObjC-Prefix.pch */ = {isa = PBXFileReference; lastKnownFileType = sourcecode.c.h; path = "EulerObjC-Prefix.pch"; sourceTree = "<group>"; };
		B5F0063118E57EFF00A05D10 /* EulerObjC.1 */ = {isa = PBXFileReference; lastKnownFileType = text.man; path = EulerObjC.1; sourceTree = "<group>"; };
		B5F0063F18E5837C00A05D10 /* Problem1 */ = {isa = PBXFileReference; explicitFileType = "compiled.mach-o.executable"; includeInIndex = 0; path = Problem1; sourceTree = BUILT_PRODUCTS_DIR; };
		B5F0064218E5837C00A05D10 /* main.m */ = {isa = PBXFileReference; lastKnownFileType = sourcecode.c.objc; path = main.m; sourceTree = "<group>"; };
		B5F0064518E5837C00A05D10 /* Problem1-Prefix.pch */ = {isa = PBXFileReference; lastKnownFileType = sourcecode.c.h; path = "Problem1-Prefix.pch"; sourceTree = "<group>"; };
		B5F0064618E5837C00A05D10 /* Problem1.1 */ = {isa = PBXFileReference; lastKnownFileType = text.man; path = Problem1.1; sourceTree = "<group>"; };
		B5F0064F18E586DF00A05D10 /* Problem2 */ = {isa = PBXFileReference; explicitFileType = "compiled.mach-o.executable"; includeInIndex = 0; path = Problem2; sourceTree = BUILT_PRODUCTS_DIR; };
		B5F0065218E586DF00A05D10 /* main.m */ = {isa = PBXFileReference; lastKnownFileType = sourcecode.c.objc; path = main.m; sourceTree = "<group>"; };
		B5F0065518E586DF00A05D10 /* Problem2-Prefix.pch */ = {isa = PBXFileReference; lastKnownFileType = sourcecode.c.h; path = "Problem2-Prefix.pch"; sourceTree = "<group>"; };
		B5F0065618E586DF00A05D10 /* Problem2.1 */ = {isa = PBXFileReference; lastKnownFileType = text.man; path = Problem2.1; sourceTree = "<group>"; };
		B5F0065F18E587AB00A05D10 /* Problem3 */ = {isa = PBXFileReference; explicitFileType = "compiled.mach-o.executable"; includeInIndex = 0; path = Problem3; sourceTree = BUILT_PRODUCTS_DIR; };
		B5F0066218E587AB00A05D10 /* main.m */ = {isa = PBXFileReference; lastKnownFileType = sourcecode.c.objc; path = main.m; sourceTree = "<group>"; };
		B5F0066518E587AB00A05D10 /* Problem3-Prefix.pch */ = {isa = PBXFileReference; lastKnownFileType = sourcecode.c.h; path = "Problem3-Prefix.pch"; sourceTree = "<group>"; };
		B5F0066618E587AB00A05D10 /* Problem3.1 */ = {isa = PBXFileReference; lastKnownFileType = text.man; path = Problem3.1; sourceTree = "<group>"; };
/* End PBXFileReference section */

/* Begin PBXFrameworksBuildPhase section */
		B517B30918E6B4E1007AEEA7 /* Frameworks */ = {
			isa = PBXFrameworksBuildPhase;
			buildActionMask = 2147483647;
			files = (
				B517B30D18E6B4E1007AEEA7 /* Foundation.framework in Frameworks */,
			);
			runOnlyForDeploymentPostprocessing = 0;
		};
		B517B31918E6D61D007AEEA7 /* Frameworks */ = {
			isa = PBXFrameworksBuildPhase;
			buildActionMask = 2147483647;
			files = (
				B517B31D18E6D61D007AEEA7 /* Foundation.framework in Frameworks */,
			);
			runOnlyForDeploymentPostprocessing = 0;
		};
		B517B32918E6DE41007AEEA7 /* Frameworks */ = {
			isa = PBXFrameworksBuildPhase;
			buildActionMask = 2147483647;
			files = (
				B517B32D18E6DE41007AEEA7 /* Foundation.framework in Frameworks */,
			);
			runOnlyForDeploymentPostprocessing = 0;
		};
		B517B33918E6E028007AEEA7 /* Frameworks */ = {
			isa = PBXFrameworksBuildPhase;
			buildActionMask = 2147483647;
			files = (
				B517B33D18E6E028007AEEA7 /* Foundation.framework in Frameworks */,
			);
			runOnlyForDeploymentPostprocessing = 0;
		};
		B517B34918E6E1D3007AEEA7 /* Frameworks */ = {
			isa = PBXFrameworksBuildPhase;
			buildActionMask = 2147483647;
			files = (
				B517B34D18E6E1D3007AEEA7 /* Foundation.framework in Frameworks */,
			);
			runOnlyForDeploymentPostprocessing = 0;
		};
		B517B35918E6EC6D007AEEA7 /* Frameworks */ = {
			isa = PBXFrameworksBuildPhase;
			buildActionMask = 2147483647;
			files = (
				B517B35D18E6EC6D007AEEA7 /* Foundation.framework in Frameworks */,
			);
			runOnlyForDeploymentPostprocessing = 0;
		};
		B545248518E5BD5E00967F9D /* Frameworks */ = {
			isa = PBXFrameworksBuildPhase;
			buildActionMask = 2147483647;
			files = (
				B545248918E5BD5F00967F9D /* Foundation.framework in Frameworks */,
			);
			runOnlyForDeploymentPostprocessing = 0;
		};
		B545249618E664E300967F9D /* Frameworks */ = {
			isa = PBXFrameworksBuildPhase;
			buildActionMask = 2147483647;
			files = (
				B545249A18E664E300967F9D /* Foundation.framework in Frameworks */,
			);
			runOnlyForDeploymentPostprocessing = 0;
		};
		B54524A618E669A800967F9D /* Frameworks */ = {
			isa = PBXFrameworksBuildPhase;
			buildActionMask = 2147483647;
			files = (
				B54524AA18E669A800967F9D /* Foundation.framework in Frameworks */,
			);
			runOnlyForDeploymentPostprocessing = 0;
		};
		B54524B618E66B4A00967F9D /* Frameworks */ = {
			isa = PBXFrameworksBuildPhase;
			buildActionMask = 2147483647;
			files = (
				B54524BA18E66B4A00967F9D /* Foundation.framework in Frameworks */,
			);
			runOnlyForDeploymentPostprocessing = 0;
		};
		B5F0062418E57EFF00A05D10 /* Frameworks */ = {
			isa = PBXFrameworksBuildPhase;
			buildActionMask = 2147483647;
			files = (
				B5F0062B18E57EFF00A05D10 /* Foundation.framework in Frameworks */,
			);
			runOnlyForDeploymentPostprocessing = 0;
		};
		B5F0063C18E5837C00A05D10 /* Frameworks */ = {
			isa = PBXFrameworksBuildPhase;
			buildActionMask = 2147483647;
			files = (
				B5F0064018E5837C00A05D10 /* Foundation.framework in Frameworks */,
			);
			runOnlyForDeploymentPostprocessing = 0;
		};
		B5F0064C18E586DF00A05D10 /* Frameworks */ = {
			isa = PBXFrameworksBuildPhase;
			buildActionMask = 2147483647;
			files = (
				B5F0065018E586DF00A05D10 /* Foundation.framework in Frameworks */,
			);
			runOnlyForDeploymentPostprocessing = 0;
		};
		B5F0065C18E587AB00A05D10 /* Frameworks */ = {
			isa = PBXFrameworksBuildPhase;
			buildActionMask = 2147483647;
			files = (
				B5F0066018E587AB00A05D10 /* Foundation.framework in Frameworks */,
			);
			runOnlyForDeploymentPostprocessing = 0;
		};
/* End PBXFrameworksBuildPhase section */

/* Begin PBXGroup section */
		B517B30E18E6B4E1007AEEA7 /* Problem8 */ = {
			isa = PBXGroup;
			children = (
				B517B30F18E6B4E1007AEEA7 /* main.m */,
				B517B31318E6B4E1007AEEA7 /* Problem8.1 */,
				B517B31118E6B4E1007AEEA7 /* Supporting Files */,
			);
			path = Problem8;
			sourceTree = "<group>";
		};
		B517B31118E6B4E1007AEEA7 /* Supporting Files */ = {
			isa = PBXGroup;
			children = (
				B517B31218E6B4E1007AEEA7 /* Problem8-Prefix.pch */,
			);
			name = "Supporting Files";
			sourceTree = "<group>";
		};
		B517B31E18E6D61D007AEEA7 /* Problem9 */ = {
			isa = PBXGroup;
			children = (
				B517B31F18E6D61D007AEEA7 /* main.m */,
				B517B32318E6D61D007AEEA7 /* Problem9.1 */,
				B517B32118E6D61D007AEEA7 /* Supporting Files */,
			);
			path = Problem9;
			sourceTree = "<group>";
		};
		B517B32118E6D61D007AEEA7 /* Supporting Files */ = {
			isa = PBXGroup;
			children = (
				B517B32218E6D61D007AEEA7 /* Problem9-Prefix.pch */,
			);
			name = "Supporting Files";
			sourceTree = "<group>";
		};
		B517B32E18E6DE41007AEEA7 /* Problem10 */ = {
			isa = PBXGroup;
			children = (
				B517B32F18E6DE41007AEEA7 /* main.m */,
				B517B33318E6DE41007AEEA7 /* Problem10.1 */,
				B517B33118E6DE41007AEEA7 /* Supporting Files */,
			);
			path = Problem10;
			sourceTree = "<group>";
		};
		B517B33118E6DE41007AEEA7 /* Supporting Files */ = {
			isa = PBXGroup;
			children = (
				B517B33218E6DE41007AEEA7 /* Problem10-Prefix.pch */,
			);
			name = "Supporting Files";
			sourceTree = "<group>";
		};
		B517B33E18E6E028007AEEA7 /* Problem11unfinished */ = {
			isa = PBXGroup;
			children = (
				B517B33F18E6E028007AEEA7 /* main.m */,
				B517B34318E6E028007AEEA7 /* Problem11.1 */,
				B517B34118E6E028007AEEA7 /* Supporting Files */,
			);
			name = Problem11unfinished;
			path = Problem11;
			sourceTree = "<group>";
		};
		B517B34118E6E028007AEEA7 /* Supporting Files */ = {
			isa = PBXGroup;
			children = (
				B517B34218E6E028007AEEA7 /* Problem11-Prefix.pch */,
			);
			name = "Supporting Files";
			sourceTree = "<group>";
		};
		B517B34E18E6E1D3007AEEA7 /* Problem12 */ = {
			isa = PBXGroup;
			children = (
				B517B34F18E6E1D3007AEEA7 /* main.m */,
				B517B35318E6E1D3007AEEA7 /* Problem12.1 */,
				B517B35118E6E1D3007AEEA7 /* Supporting Files */,
			);
			path = Problem12;
			sourceTree = "<group>";
		};
		B517B35118E6E1D3007AEEA7 /* Supporting Files */ = {
			isa = PBXGroup;
			children = (
				B517B35218E6E1D3007AEEA7 /* Problem12-Prefix.pch */,
			);
			name = "Supporting Files";
			sourceTree = "<group>";
		};
		B517B35E18E6EC6D007AEEA7 /* Problem13 */ = {
			isa = PBXGroup;
			children = (
				B517B35F18E6EC6D007AEEA7 /* main.m */,
				B517B36318E6EC6E007AEEA7 /* Problem13.1 */,
				B517B36118E6EC6D007AEEA7 /* Supporting Files */,
			);
			path = Problem13;
			sourceTree = "<group>";
		};
		B517B36118E6EC6D007AEEA7 /* Supporting Files */ = {
			isa = PBXGroup;
			children = (
				B517B36218E6EC6E007AEEA7 /* Problem13-Prefix.pch */,
			);
			name = "Supporting Files";
			sourceTree = "<group>";
		};
		B545248A18E5BD5F00967F9D /* Problem4 */ = {
			isa = PBXGroup;
			children = (
				B545248B18E5BD5F00967F9D /* main.m */,
				B545248F18E5BD5F00967F9D /* Problem4.1 */,
				B545248D18E5BD5F00967F9D /* Supporting Files */,
			);
			path = Problem4;
			sourceTree = "<group>";
		};
		B545248D18E5BD5F00967F9D /* Supporting Files */ = {
			isa = PBXGroup;
			children = (
				B545248E18E5BD5F00967F9D /* Problem4-Prefix.pch */,
			);
			name = "Supporting Files";
			sourceTree = "<group>";
		};
		B545249B18E664E300967F9D /* Problem5 */ = {
			isa = PBXGroup;
			children = (
				B545249C18E664E300967F9D /* main.m */,
				B54524A018E664E300967F9D /* Problem5.1 */,
				B545249E18E664E300967F9D /* Supporting Files */,
			);
			path = Problem5;
			sourceTree = "<group>";
		};
		B545249E18E664E300967F9D /* Supporting Files */ = {
			isa = PBXGroup;
			children = (
				B545249F18E664E300967F9D /* Problem5-Prefix.pch */,
			);
			name = "Supporting Files";
			sourceTree = "<group>";
		};
		B54524AB18E669A800967F9D /* Problem6 */ = {
			isa = PBXGroup;
			children = (
				B54524AC18E669A800967F9D /* main.m */,
				B54524B018E669A800967F9D /* Problem6.1 */,
				B54524AE18E669A800967F9D /* Supporting Files */,
			);
			path = Problem6;
			sourceTree = "<group>";
		};
		B54524AE18E669A800967F9D /* Supporting Files */ = {
			isa = PBXGroup;
			children = (
				B54524AF18E669A800967F9D /* Problem6-Prefix.pch */,
			);
			name = "Supporting Files";
			sourceTree = "<group>";
		};
		B54524BB18E66B4A00967F9D /* Problem7 */ = {
			isa = PBXGroup;
			children = (
				B54524BC18E66B4A00967F9D /* main.m */,
				B54524C018E66B4A00967F9D /* Problem7.1 */,
				B54524BE18E66B4A00967F9D /* Supporting Files */,
			);
			path = Problem7;
			sourceTree = "<group>";
		};
		B54524BE18E66B4A00967F9D /* Supporting Files */ = {
			isa = PBXGroup;
			children = (
				B54524BF18E66B4A00967F9D /* Problem7-Prefix.pch */,
			);
			name = "Supporting Files";
			sourceTree = "<group>";
		};
		B5F0061E18E57EFF00A05D10 = {
			isa = PBXGroup;
			children = (
				B5F0062C18E57EFF00A05D10 /* EulerObjC */,
				B5F0064118E5837C00A05D10 /* Problem1 */,
				B5F0065118E586DF00A05D10 /* Problem2 */,
				B5F0066118E587AB00A05D10 /* Problem3 */,
				B545248A18E5BD5F00967F9D /* Problem4 */,
				B545249B18E664E300967F9D /* Problem5 */,
				B54524AB18E669A800967F9D /* Problem6 */,
				B54524BB18E66B4A00967F9D /* Problem7 */,
				B517B30E18E6B4E1007AEEA7 /* Problem8 */,
				B517B31E18E6D61D007AEEA7 /* Problem9 */,
				B517B32E18E6DE41007AEEA7 /* Problem10 */,
				B517B33E18E6E028007AEEA7 /* Problem11unfinished */,
				B517B34E18E6E1D3007AEEA7 /* Problem12 */,
				B517B35E18E6EC6D007AEEA7 /* Problem13 */,
				B5F0062918E57EFF00A05D10 /* Frameworks */,
				B5F0062818E57EFF00A05D10 /* Products */,
			);
			sourceTree = "<group>";
		};
		B5F0062818E57EFF00A05D10 /* Products */ = {
			isa = PBXGroup;
			children = (
				B5F0062718E57EFF00A05D10 /* EulerObjC */,
				B5F0063F18E5837C00A05D10 /* Problem1 */,
				B5F0064F18E586DF00A05D10 /* Problem2 */,
				B5F0065F18E587AB00A05D10 /* Problem3 */,
				B545248818E5BD5E00967F9D /* Problem4 */,
				B545249918E664E300967F9D /* Problem5 */,
				B54524A918E669A800967F9D /* Problem6 */,
				B54524B918E66B4A00967F9D /* Problem7 */,
				B517B30C18E6B4E1007AEEA7 /* Problem8 */,
				B517B31C18E6D61D007AEEA7 /* Problem9 */,
				B517B32C18E6DE41007AEEA7 /* Problem10 */,
				B517B33C18E6E028007AEEA7 /* Problem11 */,
				B517B34C18E6E1D3007AEEA7 /* Problem12 */,
				B517B35C18E6EC6D007AEEA7 /* Problem13 */,
			);
			name = Products;
			sourceTree = "<group>";
		};
		B5F0062918E57EFF00A05D10 /* Frameworks */ = {
			isa = PBXGroup;
			children = (
				B5F0062A18E57EFF00A05D10 /* Foundation.framework */,
				B545249418E65D1400967F9D /* eulertools.h */,
			);
			name = Frameworks;
			sourceTree = "<group>";
		};
		B5F0062C18E57EFF00A05D10 /* EulerObjC */ = {
			isa = PBXGroup;
			children = (
				B5F0062D18E57EFF00A05D10 /* main.m */,
				B5F0063118E57EFF00A05D10 /* EulerObjC.1 */,
				B5F0062F18E57EFF00A05D10 /* Supporting Files */,
			);
			path = EulerObjC;
			sourceTree = "<group>";
		};
		B5F0062F18E57EFF00A05D10 /* Supporting Files */ = {
			isa = PBXGroup;
			children = (
				B5F0063018E57EFF00A05D10 /* EulerObjC-Prefix.pch */,
			);
			name = "Supporting Files";
			sourceTree = "<group>";
		};
		B5F0064118E5837C00A05D10 /* Problem1 */ = {
			isa = PBXGroup;
			children = (
				B5F0064218E5837C00A05D10 /* main.m */,
				B5F0064618E5837C00A05D10 /* Problem1.1 */,
				B5F0064418E5837C00A05D10 /* Supporting Files */,
			);
			path = Problem1;
			sourceTree = "<group>";
		};
		B5F0064418E5837C00A05D10 /* Supporting Files */ = {
			isa = PBXGroup;
			children = (
				B5F0064518E5837C00A05D10 /* Problem1-Prefix.pch */,
			);
			name = "Supporting Files";
			sourceTree = "<group>";
		};
		B5F0065118E586DF00A05D10 /* Problem2 */ = {
			isa = PBXGroup;
			children = (
				B5F0065218E586DF00A05D10 /* main.m */,
				B5F0065618E586DF00A05D10 /* Problem2.1 */,
				B5F0065418E586DF00A05D10 /* Supporting Files */,
			);
			path = Problem2;
			sourceTree = "<group>";
		};
		B5F0065418E586DF00A05D10 /* Supporting Files */ = {
			isa = PBXGroup;
			children = (
				B5F0065518E586DF00A05D10 /* Problem2-Prefix.pch */,
			);
			name = "Supporting Files";
			sourceTree = "<group>";
		};
		B5F0066118E587AB00A05D10 /* Problem3 */ = {
			isa = PBXGroup;
			children = (
				B5F0066218E587AB00A05D10 /* main.m */,
				B5F0066618E587AB00A05D10 /* Problem3.1 */,
				B5F0066418E587AB00A05D10 /* Supporting Files */,
			);
			path = Problem3;
			sourceTree = "<group>";
		};
		B5F0066418E587AB00A05D10 /* Supporting Files */ = {
			isa = PBXGroup;
			children = (
				B5F0066518E587AB00A05D10 /* Problem3-Prefix.pch */,
			);
			name = "Supporting Files";
			sourceTree = "<group>";
		};
/* End PBXGroup section */

/* Begin PBXNativeTarget section */
		B517B30B18E6B4E1007AEEA7 /* Problem8 */ = {
			isa = PBXNativeTarget;
			buildConfigurationList = B517B31718E6B4E1007AEEA7 /* Build configuration list for PBXNativeTarget "Problem8" */;
			buildPhases = (
				B517B30818E6B4E1007AEEA7 /* Sources */,
				B517B30918E6B4E1007AEEA7 /* Frameworks */,
				B517B30A18E6B4E1007AEEA7 /* CopyFiles */,
			);
			buildRules = (
			);
			dependencies = (
			);
			name = Problem8;
			productName = Problem8;
			productReference = B517B30C18E6B4E1007AEEA7 /* Problem8 */;
			productType = "com.apple.product-type.tool";
		};
		B517B31B18E6D61D007AEEA7 /* Problem9 */ = {
			isa = PBXNativeTarget;
			buildConfigurationList = B517B32518E6D61D007AEEA7 /* Build configuration list for PBXNativeTarget "Problem9" */;
			buildPhases = (
				B517B31818E6D61D007AEEA7 /* Sources */,
				B517B31918E6D61D007AEEA7 /* Frameworks */,
				B517B31A18E6D61D007AEEA7 /* CopyFiles */,
			);
			buildRules = (
			);
			dependencies = (
			);
			name = Problem9;
			productName = Problem9;
			productReference = B517B31C18E6D61D007AEEA7 /* Problem9 */;
			productType = "com.apple.product-type.tool";
		};
		B517B32B18E6DE41007AEEA7 /* Problem10 */ = {
			isa = PBXNativeTarget;
			buildConfigurationList = B517B33518E6DE41007AEEA7 /* Build configuration list for PBXNativeTarget "Problem10" */;
			buildPhases = (
				B517B32818E6DE41007AEEA7 /* Sources */,
				B517B32918E6DE41007AEEA7 /* Frameworks */,
				B517B32A18E6DE41007AEEA7 /* CopyFiles */,
			);
			buildRules = (
			);
			dependencies = (
			);
			name = Problem10;
			productName = Problem10;
			productReference = B517B32C18E6DE41007AEEA7 /* Problem10 */;
			productType = "com.apple.product-type.tool";
		};
		B517B33B18E6E028007AEEA7 /* Problem11 */ = {
			isa = PBXNativeTarget;
			buildConfigurationList = B517B34518E6E028007AEEA7 /* Build configuration list for PBXNativeTarget "Problem11" */;
			buildPhases = (
				B517B33818E6E028007AEEA7 /* Sources */,
				B517B33918E6E028007AEEA7 /* Frameworks */,
				B517B33A18E6E028007AEEA7 /* CopyFiles */,
			);
			buildRules = (
			);
			dependencies = (
			);
			name = Problem11;
			productName = Problem11;
			productReference = B517B33C18E6E028007AEEA7 /* Problem11 */;
			productType = "com.apple.product-type.tool";
		};
		B517B34B18E6E1D3007AEEA7 /* Problem12 */ = {
			isa = PBXNativeTarget;
			buildConfigurationList = B517B35518E6E1D3007AEEA7 /* Build configuration list for PBXNativeTarget "Problem12" */;
			buildPhases = (
				B517B34818E6E1D3007AEEA7 /* Sources */,
				B517B34918E6E1D3007AEEA7 /* Frameworks */,
				B517B34A18E6E1D3007AEEA7 /* CopyFiles */,
			);
			buildRules = (
			);
			dependencies = (
			);
			name = Problem12;
			productName = Problem12;
			productReference = B517B34C18E6E1D3007AEEA7 /* Problem12 */;
			productType = "com.apple.product-type.tool";
		};
		B517B35B18E6EC6D007AEEA7 /* Problem13 */ = {
			isa = PBXNativeTarget;
			buildConfigurationList = B517B36518E6EC6E007AEEA7 /* Build configuration list for PBXNativeTarget "Problem13" */;
			buildPhases = (
				B517B35818E6EC6D007AEEA7 /* Sources */,
				B517B35918E6EC6D007AEEA7 /* Frameworks */,
				B517B35A18E6EC6D007AEEA7 /* CopyFiles */,
			);
			buildRules = (
			);
			dependencies = (
			);
			name = Problem13;
			productName = Problem13;
			productReference = B517B35C18E6EC6D007AEEA7 /* Problem13 */;
			productType = "com.apple.product-type.tool";
		};
		B545248718E5BD5E00967F9D /* Problem4 */ = {
			isa = PBXNativeTarget;
			buildConfigurationList = B545249318E5BD5F00967F9D /* Build configuration list for PBXNativeTarget "Problem4" */;
			buildPhases = (
				B545248418E5BD5E00967F9D /* Sources */,
				B545248518E5BD5E00967F9D /* Frameworks */,
				B545248618E5BD5E00967F9D /* CopyFiles */,
			);
			buildRules = (
			);
			dependencies = (
			);
			name = Problem4;
			productName = Problem4;
			productReference = B545248818E5BD5E00967F9D /* Problem4 */;
			productType = "com.apple.product-type.tool";
		};
		B545249818E664E300967F9D /* Problem5 */ = {
			isa = PBXNativeTarget;
			buildConfigurationList = B54524A218E664E300967F9D /* Build configuration list for PBXNativeTarget "Problem5" */;
			buildPhases = (
				B545249518E664E300967F9D /* Sources */,
				B545249618E664E300967F9D /* Frameworks */,
				B545249718E664E300967F9D /* CopyFiles */,
			);
			buildRules = (
			);
			dependencies = (
			);
			name = Problem5;
			productName = Problem5;
			productReference = B545249918E664E300967F9D /* Problem5 */;
			productType = "com.apple.product-type.tool";
		};
		B54524A818E669A800967F9D /* Problem6 */ = {
			isa = PBXNativeTarget;
			buildConfigurationList = B54524B218E669A800967F9D /* Build configuration list for PBXNativeTarget "Problem6" */;
			buildPhases = (
				B54524A518E669A800967F9D /* Sources */,
				B54524A618E669A800967F9D /* Frameworks */,
				B54524A718E669A800967F9D /* CopyFiles */,
			);
			buildRules = (
			);
			dependencies = (
			);
			name = Problem6;
			productName = Problem6;
			productReference = B54524A918E669A800967F9D /* Problem6 */;
			productType = "com.apple.product-type.tool";
		};
		B54524B818E66B4A00967F9D /* Problem7 */ = {
			isa = PBXNativeTarget;
			buildConfigurationList = B54524C218E66B4A00967F9D /* Build configuration list for PBXNativeTarget "Problem7" */;
			buildPhases = (
				B54524B518E66B4A00967F9D /* Sources */,
				B54524B618E66B4A00967F9D /* Frameworks */,
				B54524B718E66B4A00967F9D /* CopyFiles */,
			);
			buildRules = (
			);
			dependencies = (
			);
			name = Problem7;
			productName = Problem7;
			productReference = B54524B918E66B4A00967F9D /* Problem7 */;
			productType = "com.apple.product-type.tool";
		};
		B5F0062618E57EFF00A05D10 /* EulerObjC */ = {
			isa = PBXNativeTarget;
			buildConfigurationList = B5F0063518E57EFF00A05D10 /* Build configuration list for PBXNativeTarget "EulerObjC" */;
			buildPhases = (
				B5F0062318E57EFF00A05D10 /* Sources */,
				B5F0062418E57EFF00A05D10 /* Frameworks */,
				B5F0062518E57EFF00A05D10 /* CopyFiles */,
			);
			buildRules = (
			);
			dependencies = (
			);
			name = EulerObjC;
			productName = EulerObjC;
			productReference = B5F0062718E57EFF00A05D10 /* EulerObjC */;
			productType = "com.apple.product-type.tool";
		};
		B5F0063E18E5837C00A05D10 /* Problem1 */ = {
			isa = PBXNativeTarget;
			buildConfigurationList = B5F0064818E5837C00A05D10 /* Build configuration list for PBXNativeTarget "Problem1" */;
			buildPhases = (
				B5F0063B18E5837C00A05D10 /* Sources */,
				B5F0063C18E5837C00A05D10 /* Frameworks */,
				B5F0063D18E5837C00A05D10 /* CopyFiles */,
			);
			buildRules = (
			);
			dependencies = (
			);
			name = Problem1;
			productName = Problem1;
			productReference = B5F0063F18E5837C00A05D10 /* Problem1 */;
			productType = "com.apple.product-type.tool";
		};
		B5F0064E18E586DF00A05D10 /* Problem2 */ = {
			isa = PBXNativeTarget;
			buildConfigurationList = B5F0065818E586DF00A05D10 /* Build configuration list for PBXNativeTarget "Problem2" */;
			buildPhases = (
				B5F0064B18E586DF00A05D10 /* Sources */,
				B5F0064C18E586DF00A05D10 /* Frameworks */,
				B5F0064D18E586DF00A05D10 /* CopyFiles */,
			);
			buildRules = (
			);
			dependencies = (
			);
			name = Problem2;
			productName = Problem2;
			productReference = B5F0064F18E586DF00A05D10 /* Problem2 */;
			productType = "com.apple.product-type.tool";
		};
		B5F0065E18E587AB00A05D10 /* Problem3 */ = {
			isa = PBXNativeTarget;
			buildConfigurationList = B5F0066818E587AB00A05D10 /* Build configuration list for PBXNativeTarget "Problem3" */;
			buildPhases = (
				B5F0065B18E587AB00A05D10 /* Sources */,
				B5F0065C18E587AB00A05D10 /* Frameworks */,
				B5F0065D18E587AB00A05D10 /* CopyFiles */,
			);
			buildRules = (
			);
			dependencies = (
			);
			name = Problem3;
			productName = Problem3;
			productReference = B5F0065F18E587AB00A05D10 /* Problem3 */;
			productType = "com.apple.product-type.tool";
		};
/* End PBXNativeTarget section */

/* Begin PBXProject section */
		B5F0061F18E57EFF00A05D10 /* Project object */ = {
			isa = PBXProject;
			attributes = {
				LastUpgradeCheck = 0510;
				ORGANIZATIONNAME = "James Hodgkinson";
			};
			buildConfigurationList = B5F0062218E57EFF00A05D10 /* Build configuration list for PBXProject "EulerObjC" */;
			compatibilityVersion = "Xcode 3.2";
			developmentRegion = English;
			hasScannedForEncodings = 0;
			knownRegions = (
				en,
			);
			mainGroup = B5F0061E18E57EFF00A05D10;
			productRefGroup = B5F0062818E57EFF00A05D10 /* Products */;
			projectDirPath = "";
			projectRoot = "";
			targets = (
				B5F0062618E57EFF00A05D10 /* EulerObjC */,
				B5F0063E18E5837C00A05D10 /* Problem1 */,
				B5F0064E18E586DF00A05D10 /* Problem2 */,
				B5F0065E18E587AB00A05D10 /* Problem3 */,
				B545248718E5BD5E00967F9D /* Problem4 */,
				B545249818E664E300967F9D /* Problem5 */,
				B54524A818E669A800967F9D /* Problem6 */,
				B54524B818E66B4A00967F9D /* Problem7 */,
				B517B30B18E6B4E1007AEEA7 /* Problem8 */,
				B517B31B18E6D61D007AEEA7 /* Problem9 */,
				B517B32B18E6DE41007AEEA7 /* Problem10 */,
				B517B33B18E6E028007AEEA7 /* Problem11 */,
				B517B34B18E6E1D3007AEEA7 /* Problem12 */,
				B517B35B18E6EC6D007AEEA7 /* Problem13 */,
			);
		};
/* End PBXProject section */

/* Begin PBXSourcesBuildPhase section */
		B517B30818E6B4E1007AEEA7 /* Sources */ = {
			isa = PBXSourcesBuildPhase;
			buildActionMask = 2147483647;
			files = (
				B517B31018E6B4E1007AEEA7 /* main.m in Sources */,
			);
			runOnlyForDeploymentPostprocessing = 0;
		};
		B517B31818E6D61D007AEEA7 /* Sources */ = {
			isa = PBXSourcesBuildPhase;
			buildActionMask = 2147483647;
			files = (
				B517B32018E6D61D007AEEA7 /* main.m in Sources */,
			);
			runOnlyForDeploymentPostprocessing = 0;
		};
		B517B32818E6DE41007AEEA7 /* Sources */ = {
			isa = PBXSourcesBuildPhase;
			buildActionMask = 2147483647;
			files = (
				B517B33018E6DE41007AEEA7 /* main.m in Sources */,
			);
			runOnlyForDeploymentPostprocessing = 0;
		};
		B517B33818E6E028007AEEA7 /* Sources */ = {
			isa = PBXSourcesBuildPhase;
			buildActionMask = 2147483647;
			files = (
				B517B34018E6E028007AEEA7 /* main.m in Sources */,
			);
			runOnlyForDeploymentPostprocessing = 0;
		};
		B517B34818E6E1D3007AEEA7 /* Sources */ = {
			isa = PBXSourcesBuildPhase;
			buildActionMask = 2147483647;
			files = (
				B517B35018E6E1D3007AEEA7 /* main.m in Sources */,
			);
			runOnlyForDeploymentPostprocessing = 0;
		};
		B517B35818E6EC6D007AEEA7 /* Sources */ = {
			isa = PBXSourcesBuildPhase;
			buildActionMask = 2147483647;
			files = (
				B517B36018E6EC6D007AEEA7 /* main.m in Sources */,
			);
			runOnlyForDeploymentPostprocessing = 0;
		};
		B545248418E5BD5E00967F9D /* Sources */ = {
			isa = PBXSourcesBuildPhase;
			buildActionMask = 2147483647;
			files = (
				B545248C18E5BD5F00967F9D /* main.m in Sources */,
			);
			runOnlyForDeploymentPostprocessing = 0;
		};
		B545249518E664E300967F9D /* Sources */ = {
			isa = PBXSourcesBuildPhase;
			buildActionMask = 2147483647;
			files = (
				B545249D18E664E300967F9D /* main.m in Sources */,
			);
			runOnlyForDeploymentPostprocessing = 0;
		};
		B54524A518E669A800967F9D /* Sources */ = {
			isa = PBXSourcesBuildPhase;
			buildActionMask = 2147483647;
			files = (
				B54524AD18E669A800967F9D /* main.m in Sources */,
			);
			runOnlyForDeploymentPostprocessing = 0;
		};
		B54524B518E66B4A00967F9D /* Sources */ = {
			isa = PBXSourcesBuildPhase;
			buildActionMask = 2147483647;
			files = (
				B54524BD18E66B4A00967F9D /* main.m in Sources */,
			);
			runOnlyForDeploymentPostprocessing = 0;
		};
		B5F0062318E57EFF00A05D10 /* Sources */ = {
			isa = PBXSourcesBuildPhase;
			buildActionMask = 2147483647;
			files = (
				B5F0062E18E57EFF00A05D10 /* main.m in Sources */,
			);
			runOnlyForDeploymentPostprocessing = 0;
		};
		B5F0063B18E5837C00A05D10 /* Sources */ = {
			isa = PBXSourcesBuildPhase;
			buildActionMask = 2147483647;
			files = (
				B5F0064318E5837C00A05D10 /* main.m in Sources */,
			);
			runOnlyForDeploymentPostprocessing = 0;
		};
		B5F0064B18E586DF00A05D10 /* Sources */ = {
			isa = PBXSourcesBuildPhase;
			buildActionMask = 2147483647;
			files = (
				B5F0065318E586DF00A05D10 /* main.m in Sources */,
			);
			runOnlyForDeploymentPostprocessing = 0;
		};
		B5F0065B18E587AB00A05D10 /* Sources */ = {
			isa = PBXSourcesBuildPhase;
			buildActionMask = 2147483647;
			files = (
				B5F0066318E587AB00A05D10 /* main.m in Sources */,
			);
			runOnlyForDeploymentPostprocessing = 0;
		};
/* End PBXSourcesBuildPhase section */

/* Begin XCBuildConfiguration section */
		B517B31518E6B4E1007AEEA7 /* Debug */ = {
			isa = XCBuildConfiguration;
			buildSettings = {
				GCC_PRECOMPILE_PREFIX_HEADER = YES;
				GCC_PREFIX_HEADER = "Problem8/Problem8-Prefix.pch";
				GCC_PREPROCESSOR_DEFINITIONS = (
					"DEBUG=1",
					"$(inherited)",
				);
				PRODUCT_NAME = "$(TARGET_NAME)";
			};
			name = Debug;
		};
		B517B31618E6B4E1007AEEA7 /* Release */ = {
			isa = XCBuildConfiguration;
			buildSettings = {
				GCC_PRECOMPILE_PREFIX_HEADER = YES;
				GCC_PREFIX_HEADER = "Problem8/Problem8-Prefix.pch";
				PRODUCT_NAME = "$(TARGET_NAME)";
			};
			name = Release;
		};
		B517B32618E6D61D007AEEA7 /* Debug */ = {
			isa = XCBuildConfiguration;
			buildSettings = {
				GCC_PRECOMPILE_PREFIX_HEADER = YES;
				GCC_PREFIX_HEADER = "Problem9/Problem9-Prefix.pch";
				GCC_PREPROCESSOR_DEFINITIONS = (
					"DEBUG=1",
					"$(inherited)",
				);
				PRODUCT_NAME = "$(TARGET_NAME)";
			};
			name = Debug;
		};
		B517B32718E6D61D007AEEA7 /* Release */ = {
			isa = XCBuildConfiguration;
			buildSettings = {
				GCC_PRECOMPILE_PREFIX_HEADER = YES;
				GCC_PREFIX_HEADER = "Problem9/Problem9-Prefix.pch";
				PRODUCT_NAME = "$(TARGET_NAME)";
			};
			name = Release;
		};
		B517B33618E6DE41007AEEA7 /* Debug */ = {
			isa = XCBuildConfiguration;
			buildSettings = {
				GCC_PRECOMPILE_PREFIX_HEADER = YES;
				GCC_PREFIX_HEADER = "Problem10/Problem10-Prefix.pch";
				GCC_PREPROCESSOR_DEFINITIONS = (
					"DEBUG=1",
					"$(inherited)",
				);
				PRODUCT_NAME = "$(TARGET_NAME)";
			};
			name = Debug;
		};
		B517B33718E6DE41007AEEA7 /* Release */ = {
			isa = XCBuildConfiguration;
			buildSettings = {
				GCC_PRECOMPILE_PREFIX_HEADER = YES;
				GCC_PREFIX_HEADER = "Problem10/Problem10-Prefix.pch";
				PRODUCT_NAME = "$(TARGET_NAME)";
			};
			name = Release;
		};
		B517B34618E6E028007AEEA7 /* Debug */ = {
			isa = XCBuildConfiguration;
			buildSettings = {
				GCC_PRECOMPILE_PREFIX_HEADER = YES;
				GCC_PREFIX_HEADER = "Problem11/Problem11-Prefix.pch";
				GCC_PREPROCESSOR_DEFINITIONS = (
					"DEBUG=1",
					"$(inherited)",
				);
				PRODUCT_NAME = "$(TARGET_NAME)";
			};
			name = Debug;
		};
		B517B34718E6E028007AEEA7 /* Release */ = {
			isa = XCBuildConfiguration;
			buildSettings = {
				GCC_PRECOMPILE_PREFIX_HEADER = YES;
				GCC_PREFIX_HEADER = "Problem11/Problem11-Prefix.pch";
				PRODUCT_NAME = "$(TARGET_NAME)";
			};
			name = Release;
		};
		B517B35618E6E1D3007AEEA7 /* Debug */ = {
			isa = XCBuildConfiguration;
			buildSettings = {
				GCC_PRECOMPILE_PREFIX_HEADER = YES;
				GCC_PREFIX_HEADER = "Problem12/Problem12-Prefix.pch";
				GCC_PREPROCESSOR_DEFINITIONS = (
					"DEBUG=1",
					"$(inherited)",
				);
				PRODUCT_NAME = "$(TARGET_NAME)";
			};
			name = Debug;
		};
		B517B35718E6E1D3007AEEA7 /* Release */ = {
			isa = XCBuildConfiguration;
			buildSettings = {
				GCC_PRECOMPILE_PREFIX_HEADER = YES;
				GCC_PREFIX_HEADER = "Problem12/Problem12-Prefix.pch";
				PRODUCT_NAME = "$(TARGET_NAME)";
			};
			name = Release;
		};
		B517B36618E6EC6E007AEEA7 /* Debug */ = {
			isa = XCBuildConfiguration;
			buildSettings = {
				GCC_PRECOMPILE_PREFIX_HEADER = YES;
				GCC_PREFIX_HEADER = "Problem13/Problem13-Prefix.pch";
				GCC_PREPROCESSOR_DEFINITIONS = (
					"DEBUG=1",
					"$(inherited)",
				);
				PRODUCT_NAME = "$(TARGET_NAME)";
			};
			name = Debug;
		};
		B517B36718E6EC6E007AEEA7 /* Release */ = {
			isa = XCBuildConfiguration;
			buildSettings = {
				GCC_PRECOMPILE_PREFIX_HEADER = YES;
				GCC_PREFIX_HEADER = "Problem13/Problem13-Prefix.pch";
				PRODUCT_NAME = "$(TARGET_NAME)";
			};
			name = Release;
		};
		B545249118E5BD5F00967F9D /* Debug */ = {
			isa = XCBuildConfiguration;
			buildSettings = {
				GCC_PRECOMPILE_PREFIX_HEADER = YES;
				GCC_PREFIX_HEADER = "Problem4/Problem4-Prefix.pch";
				GCC_PREPROCESSOR_DEFINITIONS = (
					"DEBUG=1",
					"$(inherited)",
				);
				PRODUCT_NAME = "$(TARGET_NAME)";
			};
			name = Debug;
		};
		B545249218E5BD5F00967F9D /* Release */ = {
			isa = XCBuildConfiguration;
			buildSettings = {
				GCC_PRECOMPILE_PREFIX_HEADER = YES;
				GCC_PREFIX_HEADER = "Problem4/Problem4-Prefix.pch";
				PRODUCT_NAME = "$(TARGET_NAME)";
			};
			name = Release;
		};
		B54524A318E664E300967F9D /* Debug */ = {
			isa = XCBuildConfiguration;
			buildSettings = {
				GCC_PRECOMPILE_PREFIX_HEADER = YES;
				GCC_PREFIX_HEADER = "Problem5/Problem5-Prefix.pch";
				GCC_PREPROCESSOR_DEFINITIONS = (
					"DEBUG=1",
					"$(inherited)",
				);
				PRODUCT_NAME = "$(TARGET_NAME)";
			};
			name = Debug;
		};
		B54524A418E664E300967F9D /* Release */ = {
			isa = XCBuildConfiguration;
			buildSettings = {
				GCC_PRECOMPILE_PREFIX_HEADER = YES;
				GCC_PREFIX_HEADER = "Problem5/Problem5-Prefix.pch";
				PRODUCT_NAME = "$(TARGET_NAME)";
			};
			name = Release;
		};
		B54524B318E669A800967F9D /* Debug */ = {
			isa = XCBuildConfiguration;
			buildSettings = {
				GCC_PRECOMPILE_PREFIX_HEADER = YES;
				GCC_PREFIX_HEADER = "Problem6/Problem6-Prefix.pch";
				GCC_PREPROCESSOR_DEFINITIONS = (
					"DEBUG=1",
					"$(inherited)",
				);
				PRODUCT_NAME = "$(TARGET_NAME)";
			};
			name = Debug;
		};
		B54524B418E669A800967F9D /* Release */ = {
			isa = XCBuildConfiguration;
			buildSettings = {
				GCC_PRECOMPILE_PREFIX_HEADER = YES;
				GCC_PREFIX_HEADER = "Problem6/Problem6-Prefix.pch";
				PRODUCT_NAME = "$(TARGET_NAME)";
			};
			name = Release;
		};
		B54524C318E66B4A00967F9D /* Debug */ = {
			isa = XCBuildConfiguration;
			buildSettings = {
				GCC_PRECOMPILE_PREFIX_HEADER = YES;
				GCC_PREFIX_HEADER = "Problem7/Problem7-Prefix.pch";
				GCC_PREPROCESSOR_DEFINITIONS = (
					"DEBUG=1",
					"$(inherited)",
				);
				PRODUCT_NAME = "$(TARGET_NAME)";
			};
			name = Debug;
		};
		B54524C418E66B4A00967F9D /* Release */ = {
			isa = XCBuildConfiguration;
			buildSettings = {
				GCC_PRECOMPILE_PREFIX_HEADER = YES;
				GCC_PREFIX_HEADER = "Problem7/Problem7-Prefix.pch";
				PRODUCT_NAME = "$(TARGET_NAME)";
			};
			name = Release;
		};
		B5F0063318E57EFF00A05D10 /* Debug */ = {
			isa = XCBuildConfiguration;
			buildSettings = {
				ALWAYS_SEARCH_USER_PATHS = NO;
				CLANG_CXX_LANGUAGE_STANDARD = "gnu++0x";
				CLANG_CXX_LIBRARY = "libc++";
				CLANG_ENABLE_MODULES = YES;
				CLANG_ENABLE_OBJC_ARC = YES;
				CLANG_WARN_BOOL_CONVERSION = YES;
				CLANG_WARN_CONSTANT_CONVERSION = YES;
				CLANG_WARN_DIRECT_OBJC_ISA_USAGE = YES_ERROR;
				CLANG_WARN_EMPTY_BODY = YES;
				CLANG_WARN_ENUM_CONVERSION = YES;
				CLANG_WARN_INT_CONVERSION = YES;
				CLANG_WARN_OBJC_ROOT_CLASS = YES_ERROR;
				CLANG_WARN__DUPLICATE_METHOD_MATCH = YES;
				COPY_PHASE_STRIP = NO;
				GCC_C_LANGUAGE_STANDARD = gnu99;
				GCC_DYNAMIC_NO_PIC = NO;
				GCC_ENABLE_OBJC_EXCEPTIONS = YES;
				GCC_OPTIMIZATION_LEVEL = 0;
				GCC_PREPROCESSOR_DEFINITIONS = (
					"DEBUG=1",
					"$(inherited)",
				);
				GCC_SYMBOLS_PRIVATE_EXTERN = NO;
				GCC_WARN_64_TO_32_BIT_CONVERSION = YES;
				GCC_WARN_ABOUT_RETURN_TYPE = YES_ERROR;
				GCC_WARN_UNDECLARED_SELECTOR = YES;
				GCC_WARN_UNINITIALIZED_AUTOS = YES_AGGRESSIVE;
				GCC_WARN_UNUSED_FUNCTION = YES;
				GCC_WARN_UNUSED_VARIABLE = YES;
				MACOSX_DEPLOYMENT_TARGET = 10.9;
				ONLY_ACTIVE_ARCH = YES;
				SDKROOT = macosx;
			};
			name = Debug;
		};
		B5F0063418E57EFF00A05D10 /* Release */ = {
			isa = XCBuildConfiguration;
			buildSettings = {
				ALWAYS_SEARCH_USER_PATHS = NO;
				CLANG_CXX_LANGUAGE_STANDARD = "gnu++0x";
				CLANG_CXX_LIBRARY = "libc++";
				CLANG_ENABLE_MODULES = YES;
				CLANG_ENABLE_OBJC_ARC = YES;
				CLANG_WARN_BOOL_CONVERSION = YES;
				CLANG_WARN_CONSTANT_CONVERSION = YES;
				CLANG_WARN_DIRECT_OBJC_ISA_USAGE = YES_ERROR;
				CLANG_WARN_EMPTY_BODY = YES;
				CLANG_WARN_ENUM_CONVERSION = YES;
				CLANG_WARN_INT_CONVERSION = YES;
				CLANG_WARN_OBJC_ROOT_CLASS = YES_ERROR;
				CLANG_WARN__DUPLICATE_METHOD_MATCH = YES;
				COPY_PHASE_STRIP = YES;
				DEBUG_INFORMATION_FORMAT = "dwarf-with-dsym";
				ENABLE_NS_ASSERTIONS = NO;
				GCC_C_LANGUAGE_STANDARD = gnu99;
				GCC_ENABLE_OBJC_EXCEPTIONS = YES;
				GCC_WARN_64_TO_32_BIT_CONVERSION = YES;
				GCC_WARN_ABOUT_RETURN_TYPE = YES_ERROR;
				GCC_WARN_UNDECLARED_SELECTOR = YES;
				GCC_WARN_UNINITIALIZED_AUTOS = YES_AGGRESSIVE;
				GCC_WARN_UNUSED_FUNCTION = YES;
				GCC_WARN_UNUSED_VARIABLE = YES;
				MACOSX_DEPLOYMENT_TARGET = 10.9;
				SDKROOT = macosx;
			};
			name = Release;
		};
		B5F0063618E57EFF00A05D10 /* Debug */ = {
			isa = XCBuildConfiguration;
			buildSettings = {
				GCC_PRECOMPILE_PREFIX_HEADER = YES;
				GCC_PREFIX_HEADER = "EulerObjC/EulerObjC-Prefix.pch";
				PRODUCT_NAME = "$(TARGET_NAME)";
			};
			name = Debug;
		};
		B5F0063718E57EFF00A05D10 /* Release */ = {
			isa = XCBuildConfiguration;
			buildSettings = {
				GCC_PRECOMPILE_PREFIX_HEADER = YES;
				GCC_PREFIX_HEADER = "EulerObjC/EulerObjC-Prefix.pch";
				PRODUCT_NAME = "$(TARGET_NAME)";
			};
			name = Release;
		};
		B5F0064918E5837C00A05D10 /* Debug */ = {
			isa = XCBuildConfiguration;
			buildSettings = {
				GCC_PRECOMPILE_PREFIX_HEADER = YES;
				GCC_PREFIX_HEADER = "Problem1/Problem1-Prefix.pch";
				GCC_PREPROCESSOR_DEFINITIONS = (
					"DEBUG=1",
					"$(inherited)",
				);
				PRODUCT_NAME = "$(TARGET_NAME)";
			};
			name = Debug;
		};
		B5F0064A18E5837C00A05D10 /* Release */ = {
			isa = XCBuildConfiguration;
			buildSettings = {
				GCC_PRECOMPILE_PREFIX_HEADER = YES;
				GCC_PREFIX_HEADER = "Problem1/Problem1-Prefix.pch";
				PRODUCT_NAME = "$(TARGET_NAME)";
			};
			name = Release;
		};
		B5F0065918E586DF00A05D10 /* Debug */ = {
			isa = XCBuildConfiguration;
			buildSettings = {
				GCC_PRECOMPILE_PREFIX_HEADER = YES;
				GCC_PREFIX_HEADER = "Problem2/Problem2-Prefix.pch";
				GCC_PREPROCESSOR_DEFINITIONS = (
					"DEBUG=1",
					"$(inherited)",
				);
				PRODUCT_NAME = "$(TARGET_NAME)";
			};
			name = Debug;
		};
		B5F0065A18E586DF00A05D10 /* Release */ = {
			isa = XCBuildConfiguration;
			buildSettings = {
				GCC_PRECOMPILE_PREFIX_HEADER = YES;
				GCC_PREFIX_HEADER = "Problem2/Problem2-Prefix.pch";
				PRODUCT_NAME = "$(TARGET_NAME)";
			};
			name = Release;
		};
		B5F0066918E587AB00A05D10 /* Debug */ = {
			isa = XCBuildConfiguration;
			buildSettings = {
				GCC_PRECOMPILE_PREFIX_HEADER = YES;
				GCC_PREFIX_HEADER = "Problem3/Problem3-Prefix.pch";
				GCC_PREPROCESSOR_DEFINITIONS = (
					"DEBUG=1",
					"$(inherited)",
				);
				PRODUCT_NAME = "$(TARGET_NAME)";
			};
			name = Debug;
		};
		B5F0066A18E587AB00A05D10 /* Release */ = {
			isa = XCBuildConfiguration;
			buildSettings = {
				GCC_PRECOMPILE_PREFIX_HEADER = YES;
				GCC_PREFIX_HEADER = "Problem3/Problem3-Prefix.pch";
				PRODUCT_NAME = "$(TARGET_NAME)";
			};
			name = Release;
		};
/* End XCBuildConfiguration section */

/* Begin XCConfigurationList section */
		B517B31718E6B4E1007AEEA7 /* Build configuration list for PBXNativeTarget "Problem8" */ = {
			isa = XCConfigurationList;
			buildConfigurations = (
				B517B31518E6B4E1007AEEA7 /* Debug */,
				B517B31618E6B4E1007AEEA7 /* Release */,
			);
			defaultConfigurationIsVisible = 0;
		};
		B517B32518E6D61D007AEEA7 /* Build configuration list for PBXNativeTarget "Problem9" */ = {
			isa = XCConfigurationList;
			buildConfigurations = (
				B517B32618E6D61D007AEEA7 /* Debug */,
				B517B32718E6D61D007AEEA7 /* Release */,
			);
			defaultConfigurationIsVisible = 0;
		};
		B517B33518E6DE41007AEEA7 /* Build configuration list for PBXNativeTarget "Problem10" */ = {
			isa = XCConfigurationList;
			buildConfigurations = (
				B517B33618E6DE41007AEEA7 /* Debug */,
				B517B33718E6DE41007AEEA7 /* Release */,
			);
			defaultConfigurationIsVisible = 0;
		};
		B517B34518E6E028007AEEA7 /* Build configuration list for PBXNativeTarget "Problem11" */ = {
			isa = XCConfigurationList;
			buildConfigurations = (
				B517B34618E6E028007AEEA7 /* Debug */,
				B517B34718E6E028007AEEA7 /* Release */,
			);
			defaultConfigurationIsVisible = 0;
		};
		B517B35518E6E1D3007AEEA7 /* Build configuration list for PBXNativeTarget "Problem12" */ = {
			isa = XCConfigurationList;
			buildConfigurations = (
				B517B35618E6E1D3007AEEA7 /* Debug */,
				B517B35718E6E1D3007AEEA7 /* Release */,
			);
			defaultConfigurationIsVisible = 0;
		};
		B517B36518E6EC6E007AEEA7 /* Build configuration list for PBXNativeTarget "Problem13" */ = {
			isa = XCConfigurationList;
			buildConfigurations = (
				B517B36618E6EC6E007AEEA7 /* Debug */,
				B517B36718E6EC6E007AEEA7 /* Release */,
			);
			defaultConfigurationIsVisible = 0;
		};
		B545249318E5BD5F00967F9D /* Build configuration list for PBXNativeTarget "Problem4" */ = {
			isa = XCConfigurationList;
			buildConfigurations = (
				B545249118E5BD5F00967F9D /* Debug */,
				B545249218E5BD5F00967F9D /* Release */,
			);
			defaultConfigurationIsVisible = 0;
			defaultConfigurationName = Release;
		};
		B54524A218E664E300967F9D /* Build configuration list for PBXNativeTarget "Problem5" */ = {
			isa = XCConfigurationList;
			buildConfigurations = (
				B54524A318E664E300967F9D /* Debug */,
				B54524A418E664E300967F9D /* Release */,
			);
			defaultConfigurationIsVisible = 0;
			defaultConfigurationName = Release;
		};
		B54524B218E669A800967F9D /* Build configuration list for PBXNativeTarget "Problem6" */ = {
			isa = XCConfigurationList;
			buildConfigurations = (
				B54524B318E669A800967F9D /* Debug */,
				B54524B418E669A800967F9D /* Release */,
			);
			defaultConfigurationIsVisible = 0;
			defaultConfigurationName = Release;
		};
		B54524C218E66B4A00967F9D /* Build configuration list for PBXNativeTarget "Problem7" */ = {
			isa = XCConfigurationList;
			buildConfigurations = (
				B54524C318E66B4A00967F9D /* Debug */,
				B54524C418E66B4A00967F9D /* Release */,
			);
			defaultConfigurationIsVisible = 0;
			defaultConfigurationName = Release;
		};
		B5F0062218E57EFF00A05D10 /* Build configuration list for PBXProject "EulerObjC" */ = {
			isa = XCConfigurationList;
			buildConfigurations = (
				B5F0063318E57EFF00A05D10 /* Debug */,
				B5F0063418E57EFF00A05D10 /* Release */,
			);
			defaultConfigurationIsVisible = 0;
			defaultConfigurationName = Release;
		};
		B5F0063518E57EFF00A05D10 /* Build configuration list for PBXNativeTarget "EulerObjC" */ = {
			isa = XCConfigurationList;
			buildConfigurations = (
				B5F0063618E57EFF00A05D10 /* Debug */,
				B5F0063718E57EFF00A05D10 /* Release */,
			);
			defaultConfigurationIsVisible = 0;
			defaultConfigurationName = Release;
		};
		B5F0064818E5837C00A05D10 /* Build configuration list for PBXNativeTarget "Problem1" */ = {
			isa = XCConfigurationList;
			buildConfigurations = (
				B5F0064918E5837C00A05D10 /* Debug */,
				B5F0064A18E5837C00A05D10 /* Release */,
			);
			defaultConfigurationIsVisible = 0;
			defaultConfigurationName = Release;
		};
		B5F0065818E586DF00A05D10 /* Build configuration list for PBXNativeTarget "Problem2" */ = {
			isa = XCConfigurationList;
			buildConfigurations = (
				B5F0065918E586DF00A05D10 /* Debug */,
				B5F0065A18E586DF00A05D10 /* Release */,
			);
			defaultConfigurationIsVisible = 0;
			defaultConfigurationName = Release;
		};
		B5F0066818E587AB00A05D10 /* Build configuration list for PBXNativeTarget "Problem3" */ = {
			isa = XCConfigurationList;
			buildConfigurations = (
				B5F0066918E587AB00A05D10 /* Debug */,
				B5F0066A18E587AB00A05D10 /* Release */,
			);
			defaultConfigurationIsVisible = 0;
			defaultConfigurationName = Release;
		};
/* End XCConfigurationList section */
	};
	rootObject = B5F0061F18E57EFF00A05D10 /* Project object */;
}
